
Microsoft Visual Studio Solution File, Format Version 12.00
# Visual Studio Version 17
VisualStudioVersion = 17.7.34024.191
MinimumVisualStudioVersion = 10.0.40219.1
Project("{9A19103F-16F7-4668-BE54-9A1E7A4F7556}") = "Visitor", "Visitor\Visitor.csproj", "{69A59F25-0ABD-4A11-90BF-92D6E2082DFC}"
EndProject
Project("{9A19103F-16F7-4668-BE54-9A1E7A4F7556}") = "VisitorDocument", "VisitorDocument\VisitorDocument.csproj", "{19D1AEBE-ACE8-4545-9095-34F266D9D420}"
EndProject
Project("{9A19103F-16F7-4668-BE54-9A1E7A4F7556}") = "Interpreter", "Interpreter\Interpreter.csproj", "{C730D340-2424-461A-9E48-527E6CB593B6}"
EndProject
Project("{9A19103F-16F7-4668-BE54-9A1E7A4F7556}") = "InterpreterSearchQueryLanguage", "InterpreterSearchQueryLanguage\InterpreterSearchQueryLanguage.csproj", "{0C340ABE-41E3-41AA-BA88-9ED90737CCE6}"
EndProject
Project("{9A19103F-16F7-4668-BE54-9A1E7A4F7556}") = "FactoryMethod_Game", "FactoryMethod_Game\FactoryMethod_Game.csproj", "{169F71C7-975D-4341-A412-844E993CD13F}"
EndProject
Project("{FAE04EC0-301F-11D3-BF4B-00C04F79EFBC}") = "AbstractFactory", "AbstractFactory\AbstractFactory.csproj", "{EADDFA7A-F9DB-4D6F-A379-EF35BC5E8418}"
EndProject
Project("{FAE04EC0-301F-11D3-BF4B-00C04F79EFBC}") = "AbstractFactoryGame", "AbstractFactoryGame\AbstractFactoryGame.csproj", "{9F3121CA-4517-46D1-AB7F-0078AF9DA781}"
EndProject
Global
	GlobalSection(SolutionConfigurationPlatforms) = preSolution
		Debug|Any CPU = Debug|Any CPU
		Release|Any CPU = Release|Any CPU
	EndGlobalSection
	GlobalSection(ProjectConfigurationPlatforms) = postSolution
		{69A59F25-0ABD-4A11-90BF-92D6E2082DFC}.Debug|Any CPU.ActiveCfg = Debug|Any CPU
		{69A59F25-0ABD-4A11-90BF-92D6E2082DFC}.Debug|Any CPU.Build.0 = Debug|Any CPU
		{69A59F25-0ABD-4A11-90BF-92D6E2082DFC}.Release|Any CPU.ActiveCfg = Release|Any CPU
		{69A59F25-0ABD-4A11-90BF-92D6E2082DFC}.Release|Any CPU.Build.0 = Release|Any CPU
		{19D1AEBE-ACE8-4545-9095-34F266D9D420}.Debug|Any CPU.ActiveCfg = Debug|Any CPU
		{19D1AEBE-ACE8-4545-9095-34F266D9D420}.Debug|Any CPU.Build.0 = Debug|Any CPU
		{19D1AEBE-ACE8-4545-9095-34F266D9D420}.Release|Any CPU.ActiveCfg = Release|Any CPU
		{19D1AEBE-ACE8-4545-9095-34F266D9D420}.Release|Any CPU.Build.0 = Release|Any CPU
		{C730D340-2424-461A-9E48-527E6CB593B6}.Debug|Any CPU.ActiveCfg = Debug|Any CPU
		{C730D340-2424-461A-9E48-527E6CB593B6}.Debug|Any CPU.Build.0 = Debug|Any CPU
		{C730D340-2424-461A-9E48-527E6CB593B6}.Release|Any CPU.ActiveCfg = Release|Any CPU
		{C730D340-2424-461A-9E48-527E6CB593B6}.Release|Any CPU.Build.0 = Release|Any CPU
		{0C340ABE-41E3-41AA-BA88-9ED90737CCE6}.Debug|Any CPU.ActiveCfg = Debug|Any CPU
		{0C340ABE-41E3-41AA-BA88-9ED90737CCE6}.Debug|Any CPU.Build.0 = Debug|Any CPU
		{0C340ABE-41E3-41AA-BA88-9ED90737CCE6}.Release|Any CPU.ActiveCfg = Release|Any CPU
		{0C340ABE-41E3-41AA-BA88-9ED90737CCE6}.Release|Any CPU.Build.0 = Release|Any CPU
		{169F71C7-975D-4341-A412-844E993CD13F}.Debug|Any CPU.ActiveCfg = Debug|Any CPU
		{169F71C7-975D-4341-A412-844E993CD13F}.Debug|Any CPU.Build.0 = Debug|Any CPU
		{169F71C7-975D-4341-A412-844E993CD13F}.Release|Any CPU.ActiveCfg = Release|Any CPU
		{169F71C7-975D-4341-A412-844E993CD13F}.Release|Any CPU.Build.0 = Release|Any CPU
		{EADDFA7A-F9DB-4D6F-A379-EF35BC5E8418}.Debug|Any CPU.ActiveCfg = Debug|Any CPU
		{EADDFA7A-F9DB-4D6F-A379-EF35BC5E8418}.Debug|Any CPU.Build.0 = Debug|Any CPU
		{EADDFA7A-F9DB-4D6F-A379-EF35BC5E8418}.Release|Any CPU.ActiveCfg = Release|Any CPU
		{EADDFA7A-F9DB-4D6F-A379-EF35BC5E8418}.Release|Any CPU.Build.0 = Release|Any CPU
		{9F3121CA-4517-46D1-AB7F-0078AF9DA781}.Debug|Any CPU.ActiveCfg = Debug|Any CPU
		{9F3121CA-4517-46D1-AB7F-0078AF9DA781}.Debug|Any CPU.Build.0 = Debug|Any CPU
		{9F3121CA-4517-46D1-AB7F-0078AF9DA781}.Release|Any CPU.ActiveCfg = Release|Any CPU
		{9F3121CA-4517-46D1-AB7F-0078AF9DA781}.Release|Any CPU.Build.0 = Release|Any CPU
	EndGlobalSection
	GlobalSection(SolutionProperties) = preSolution
		HideSolutionNode = FALSE
	EndGlobalSection
	GlobalSection(ExtensibilityGlobals) = postSolution
		SolutionGuid = {A4DD9886-5AB8-45F4-A0D7-1D1A58DB5F7F}
	EndGlobalSection
EndGlobal
