
Microsoft Visual Studio Solution File, Format Version 12.00
# Visual Studio Version 17
VisualStudioVersion = 17.7.34024.191
MinimumVisualStudioVersion = 10.0.40219.1
Project("{9A19103F-16F7-4668-BE54-9A1E7A4F7556}") = "Visitor", "Visitor\Visitor.csproj", "{69A59F25-0ABD-4A11-90BF-92D6E2082DFC}"
EndProject
Project("{9A19103F-16F7-4668-BE54-9A1E7A4F7556}") = "VisitorDocument", "VisitorDocument\VisitorDocument.csproj", "{19D1AEBE-ACE8-4545-9095-34F266D9D420}"
EndProject
Project("{9A19103F-16F7-4668-BE54-9A1E7A4F7556}") = "Interpreter", "Interpreter\Interpreter.csproj", "{C730D340-2424-461A-9E48-527E6CB593B6}"
EndProject
Project("{9A19103F-16F7-4668-BE54-9A1E7A4F7556}") = "InterpreterSearchQueryLanguage", "InterpreterSearchQueryLanguage\InterpreterSearchQueryLanguage.csproj", "{0C340ABE-41E3-41AA-BA88-9ED90737CCE6}"
EndProject
Project("{9A19103F-16F7-4668-BE54-9A1E7A4F7556}") = "FactoryMethod_Game", "FactoryMethod_Game\FactoryMethod_Game.csproj", "{169F71C7-975D-4341-A412-844E993CD13F}"
EndProject
Project("{FAE04EC0-301F-11D3-BF4B-00C04F79EFBC}") = "AbstractFactory", "AbstractFactory\AbstractFactory.csproj", "{EADDFA7A-F9DB-4D6F-A379-EF35BC5E8418}"
EndProject
Project("{FAE04EC0-301F-11D3-BF4B-00C04F79EFBC}") = "AbstractFactoryGame", "AbstractFactoryGame\AbstractFactoryGame.csproj", "{9F3121CA-4517-46D1-AB7F-0078AF9DA781}"
EndProject
Project("{FAE04EC0-301F-11D3-BF4B-00C04F79EFBC}") = "Singlenton", "Singlenton\Singlenton.csproj", "{5523FA18-1698-452C-B3DA-B10FDE754C3E}"
EndProject
Project("{FAE04EC0-301F-11D3-BF4B-00C04F79EFBC}") = "SinglentonDI", "SinglentonDI\SinglentonDI.csproj", "{0604EAFE-7608-4222-B244-CA88D9A72284}"
EndProject
Project("{FAE04EC0-301F-11D3-BF4B-00C04F79EFBC}") = "Strategy", "Strategy\Strategy.csproj", "{DCBC4751-3C65-4962-A507-C6718F9A9190}"
EndProject
Project("{FAE04EC0-301F-11D3-BF4B-00C04F79EFBC}") = "Observer", "Observer\Observer.csproj", "{E67070F5-3E62-47F3-8583-4652ABE9AC45}"
EndProject
Project("{FAE04EC0-301F-11D3-BF4B-00C04F79EFBC}") = "Command", "Command\Command.csproj", "{554DC123-3266-403A-854C-90FD2C965F31}"
EndProject
Project("{FAE04EC0-301F-11D3-BF4B-00C04F79EFBC}") = "CommandCLI", "CommandCLI\CommandCLI.csproj", "{911D344A-4826-4E93-8DAE-7520FD7875CF}"
EndProject
Project("{FAE04EC0-301F-11D3-BF4B-00C04F79EFBC}") = "Adapter", "Adapter\Adapter.csproj", "{8C825C77-BF88-4E9C-AB0A-40371D4CC35A}"
EndProject
Project("{FAE04EC0-301F-11D3-BF4B-00C04F79EFBC}") = "AdapterExample", "AdapterExample\AdapterExample.csproj", "{A14E2F46-3AD8-43D7-A114-A36B551FC6FE}"
EndProject
Project("{FAE04EC0-301F-11D3-BF4B-00C04F79EFBC}") = "Decorator", "Decorator\Decorator.csproj", "{35F9EF4D-E5AB-4867-BB37-58191A1D7EE8}"
EndProject
Project("{FAE04EC0-301F-11D3-BF4B-00C04F79EFBC}") = "TemplateMethod", "TemplateMethod\TemplateMethod.csproj", "{F054F7D0-293A-46C8-8B0A-32E2331839D2}"
EndProject
Project("{FAE04EC0-301F-11D3-BF4B-00C04F79EFBC}") = "TemplateMethodFileParser", "TemplateMethodFileParser\TemplateMethodFileParser.csproj", "{94DAE9CB-531C-47C1-B3D9-20CF9D4B999A}"
EndProject
Project("{FAE04EC0-301F-11D3-BF4B-00C04F79EFBC}") = "Composite", "Composite\Composite.csproj", "{FB03EC84-8FE0-4AA0-962A-08DBA74F18B6}"
EndProject
Project("{FAE04EC0-301F-11D3-BF4B-00C04F79EFBC}") = "CompositeDomeTrain", "CompositeDomeTrain\CompositeDomeTrain.csproj", "{F1DFAC98-7227-42FD-9EE0-309E5514EA2C}"
EndProject
Project("{FAE04EC0-301F-11D3-BF4B-00C04F79EFBC}") = "State", "State\State.csproj", "{E9B66E02-9C38-4489-B6A3-F20A8FCB1249}"
EndProject
Project("{FAE04EC0-301F-11D3-BF4B-00C04F79EFBC}") = "StateGameExample", "StateGameExample\StateGameExample.csproj", "{A632FD00-E719-44ED-8A3F-51BDDD1A0243}"
EndProject
Project("{FAE04EC0-301F-11D3-BF4B-00C04F79EFBC}") = "Iterator", "Iterator\Iterator.csproj", "{60E24778-16FB-4CC7-81C1-8A76ABB7EC1C}"
EndProject
Project("{FAE04EC0-301F-11D3-BF4B-00C04F79EFBC}") = "Memento", "Memento\Memento.csproj", "{B55D7B8B-E5F8-4A5B-9DF4-5026F5A593FB}"
EndProject
Project("{FAE04EC0-301F-11D3-BF4B-00C04F79EFBC}") = "ChainOfResponsibility", "ChainOfResponsibility\ChainOfResponsibility.csproj", "{11F97180-411B-412E-98E5-8A052F84DCD7}"
EndProject
Project("{FAE04EC0-301F-11D3-BF4B-00C04F79EFBC}") = "Bridge", "Bridge\Bridge.csproj", "{66869062-AF5A-44BB-A8BD-DA08878A9570}"
EndProject
Project("{FAE04EC0-301F-11D3-BF4B-00C04F79EFBC}") = "Builder", "Builder\Builder.csproj", "{756ACA4C-5721-4BCB-AE3C-B9256468DFAE}"
EndProject
Project("{FAE04EC0-301F-11D3-BF4B-00C04F79EFBC}") = "Builder_NestedFluent", "Builder_Nested\Builder_NestedFluent.csproj", "{F97F5126-9848-4BBB-BC8B-BAACCAA24373}"
EndProject
Project("{FAE04EC0-301F-11D3-BF4B-00C04F79EFBC}") = "Proxy", "Proxy\Proxy.csproj", "{4254D858-ED65-440C-9CC1-BAEC383468D1}"
EndProject
Project("{FAE04EC0-301F-11D3-BF4B-00C04F79EFBC}") = "Mediator", "Mediator\Mediator.csproj", "{D1B8E589-1793-4C8A-B990-09D60729EBDD}"
EndProject
Global
	GlobalSection(SolutionConfigurationPlatforms) = preSolution
		Debug|Any CPU = Debug|Any CPU
		Release|Any CPU = Release|Any CPU
	EndGlobalSection
	GlobalSection(ProjectConfigurationPlatforms) = postSolution
		{69A59F25-0ABD-4A11-90BF-92D6E2082DFC}.Debug|Any CPU.ActiveCfg = Debug|Any CPU
		{69A59F25-0ABD-4A11-90BF-92D6E2082DFC}.Debug|Any CPU.Build.0 = Debug|Any CPU
		{69A59F25-0ABD-4A11-90BF-92D6E2082DFC}.Release|Any CPU.ActiveCfg = Release|Any CPU
		{69A59F25-0ABD-4A11-90BF-92D6E2082DFC}.Release|Any CPU.Build.0 = Release|Any CPU
		{19D1AEBE-ACE8-4545-9095-34F266D9D420}.Debug|Any CPU.ActiveCfg = Debug|Any CPU
		{19D1AEBE-ACE8-4545-9095-34F266D9D420}.Debug|Any CPU.Build.0 = Debug|Any CPU
		{19D1AEBE-ACE8-4545-9095-34F266D9D420}.Release|Any CPU.ActiveCfg = Release|Any CPU
		{19D1AEBE-ACE8-4545-9095-34F266D9D420}.Release|Any CPU.Build.0 = Release|Any CPU
		{C730D340-2424-461A-9E48-527E6CB593B6}.Debug|Any CPU.ActiveCfg = Debug|Any CPU
		{C730D340-2424-461A-9E48-527E6CB593B6}.Debug|Any CPU.Build.0 = Debug|Any CPU
		{C730D340-2424-461A-9E48-527E6CB593B6}.Release|Any CPU.ActiveCfg = Release|Any CPU
		{C730D340-2424-461A-9E48-527E6CB593B6}.Release|Any CPU.Build.0 = Release|Any CPU
		{0C340ABE-41E3-41AA-BA88-9ED90737CCE6}.Debug|Any CPU.ActiveCfg = Debug|Any CPU
		{0C340ABE-41E3-41AA-BA88-9ED90737CCE6}.Debug|Any CPU.Build.0 = Debug|Any CPU
		{0C340ABE-41E3-41AA-BA88-9ED90737CCE6}.Release|Any CPU.ActiveCfg = Release|Any CPU
		{0C340ABE-41E3-41AA-BA88-9ED90737CCE6}.Release|Any CPU.Build.0 = Release|Any CPU
		{169F71C7-975D-4341-A412-844E993CD13F}.Debug|Any CPU.ActiveCfg = Debug|Any CPU
		{169F71C7-975D-4341-A412-844E993CD13F}.Debug|Any CPU.Build.0 = Debug|Any CPU
		{169F71C7-975D-4341-A412-844E993CD13F}.Release|Any CPU.ActiveCfg = Release|Any CPU
		{169F71C7-975D-4341-A412-844E993CD13F}.Release|Any CPU.Build.0 = Release|Any CPU
		{EADDFA7A-F9DB-4D6F-A379-EF35BC5E8418}.Debug|Any CPU.ActiveCfg = Debug|Any CPU
		{EADDFA7A-F9DB-4D6F-A379-EF35BC5E8418}.Debug|Any CPU.Build.0 = Debug|Any CPU
		{EADDFA7A-F9DB-4D6F-A379-EF35BC5E8418}.Release|Any CPU.ActiveCfg = Release|Any CPU
		{EADDFA7A-F9DB-4D6F-A379-EF35BC5E8418}.Release|Any CPU.Build.0 = Release|Any CPU
		{9F3121CA-4517-46D1-AB7F-0078AF9DA781}.Debug|Any CPU.ActiveCfg = Debug|Any CPU
		{9F3121CA-4517-46D1-AB7F-0078AF9DA781}.Debug|Any CPU.Build.0 = Debug|Any CPU
		{9F3121CA-4517-46D1-AB7F-0078AF9DA781}.Release|Any CPU.ActiveCfg = Release|Any CPU
		{9F3121CA-4517-46D1-AB7F-0078AF9DA781}.Release|Any CPU.Build.0 = Release|Any CPU
		{5523FA18-1698-452C-B3DA-B10FDE754C3E}.Debug|Any CPU.ActiveCfg = Debug|Any CPU
		{5523FA18-1698-452C-B3DA-B10FDE754C3E}.Debug|Any CPU.Build.0 = Debug|Any CPU
		{5523FA18-1698-452C-B3DA-B10FDE754C3E}.Release|Any CPU.ActiveCfg = Release|Any CPU
		{5523FA18-1698-452C-B3DA-B10FDE754C3E}.Release|Any CPU.Build.0 = Release|Any CPU
		{0604EAFE-7608-4222-B244-CA88D9A72284}.Debug|Any CPU.ActiveCfg = Debug|Any CPU
		{0604EAFE-7608-4222-B244-CA88D9A72284}.Debug|Any CPU.Build.0 = Debug|Any CPU
		{0604EAFE-7608-4222-B244-CA88D9A72284}.Release|Any CPU.ActiveCfg = Release|Any CPU
		{0604EAFE-7608-4222-B244-CA88D9A72284}.Release|Any CPU.Build.0 = Release|Any CPU
		{DCBC4751-3C65-4962-A507-C6718F9A9190}.Debug|Any CPU.ActiveCfg = Debug|Any CPU
		{DCBC4751-3C65-4962-A507-C6718F9A9190}.Debug|Any CPU.Build.0 = Debug|Any CPU
		{DCBC4751-3C65-4962-A507-C6718F9A9190}.Release|Any CPU.ActiveCfg = Release|Any CPU
		{DCBC4751-3C65-4962-A507-C6718F9A9190}.Release|Any CPU.Build.0 = Release|Any CPU
		{E67070F5-3E62-47F3-8583-4652ABE9AC45}.Debug|Any CPU.ActiveCfg = Debug|Any CPU
		{E67070F5-3E62-47F3-8583-4652ABE9AC45}.Debug|Any CPU.Build.0 = Debug|Any CPU
		{E67070F5-3E62-47F3-8583-4652ABE9AC45}.Release|Any CPU.ActiveCfg = Release|Any CPU
		{E67070F5-3E62-47F3-8583-4652ABE9AC45}.Release|Any CPU.Build.0 = Release|Any CPU
		{554DC123-3266-403A-854C-90FD2C965F31}.Debug|Any CPU.ActiveCfg = Debug|Any CPU
		{554DC123-3266-403A-854C-90FD2C965F31}.Debug|Any CPU.Build.0 = Debug|Any CPU
		{554DC123-3266-403A-854C-90FD2C965F31}.Release|Any CPU.ActiveCfg = Release|Any CPU
		{554DC123-3266-403A-854C-90FD2C965F31}.Release|Any CPU.Build.0 = Release|Any CPU
		{911D344A-4826-4E93-8DAE-7520FD7875CF}.Debug|Any CPU.ActiveCfg = Debug|Any CPU
		{911D344A-4826-4E93-8DAE-7520FD7875CF}.Debug|Any CPU.Build.0 = Debug|Any CPU
		{911D344A-4826-4E93-8DAE-7520FD7875CF}.Release|Any CPU.ActiveCfg = Release|Any CPU
		{911D344A-4826-4E93-8DAE-7520FD7875CF}.Release|Any CPU.Build.0 = Release|Any CPU
		{8C825C77-BF88-4E9C-AB0A-40371D4CC35A}.Debug|Any CPU.ActiveCfg = Debug|Any CPU
		{8C825C77-BF88-4E9C-AB0A-40371D4CC35A}.Debug|Any CPU.Build.0 = Debug|Any CPU
		{8C825C77-BF88-4E9C-AB0A-40371D4CC35A}.Release|Any CPU.ActiveCfg = Release|Any CPU
		{8C825C77-BF88-4E9C-AB0A-40371D4CC35A}.Release|Any CPU.Build.0 = Release|Any CPU
		{A14E2F46-3AD8-43D7-A114-A36B551FC6FE}.Debug|Any CPU.ActiveCfg = Debug|Any CPU
		{A14E2F46-3AD8-43D7-A114-A36B551FC6FE}.Debug|Any CPU.Build.0 = Debug|Any CPU
		{A14E2F46-3AD8-43D7-A114-A36B551FC6FE}.Release|Any CPU.ActiveCfg = Release|Any CPU
		{A14E2F46-3AD8-43D7-A114-A36B551FC6FE}.Release|Any CPU.Build.0 = Release|Any CPU
		{35F9EF4D-E5AB-4867-BB37-58191A1D7EE8}.Debug|Any CPU.ActiveCfg = Debug|Any CPU
		{35F9EF4D-E5AB-4867-BB37-58191A1D7EE8}.Debug|Any CPU.Build.0 = Debug|Any CPU
		{35F9EF4D-E5AB-4867-BB37-58191A1D7EE8}.Release|Any CPU.ActiveCfg = Release|Any CPU
		{35F9EF4D-E5AB-4867-BB37-58191A1D7EE8}.Release|Any CPU.Build.0 = Release|Any CPU
		{F054F7D0-293A-46C8-8B0A-32E2331839D2}.Debug|Any CPU.ActiveCfg = Debug|Any CPU
		{F054F7D0-293A-46C8-8B0A-32E2331839D2}.Debug|Any CPU.Build.0 = Debug|Any CPU
		{F054F7D0-293A-46C8-8B0A-32E2331839D2}.Release|Any CPU.ActiveCfg = Release|Any CPU
		{F054F7D0-293A-46C8-8B0A-32E2331839D2}.Release|Any CPU.Build.0 = Release|Any CPU
		{94DAE9CB-531C-47C1-B3D9-20CF9D4B999A}.Debug|Any CPU.ActiveCfg = Debug|Any CPU
		{94DAE9CB-531C-47C1-B3D9-20CF9D4B999A}.Debug|Any CPU.Build.0 = Debug|Any CPU
		{94DAE9CB-531C-47C1-B3D9-20CF9D4B999A}.Release|Any CPU.ActiveCfg = Release|Any CPU
		{94DAE9CB-531C-47C1-B3D9-20CF9D4B999A}.Release|Any CPU.Build.0 = Release|Any CPU
		{FB03EC84-8FE0-4AA0-962A-08DBA74F18B6}.Debug|Any CPU.ActiveCfg = Debug|Any CPU
		{FB03EC84-8FE0-4AA0-962A-08DBA74F18B6}.Debug|Any CPU.Build.0 = Debug|Any CPU
		{FB03EC84-8FE0-4AA0-962A-08DBA74F18B6}.Release|Any CPU.ActiveCfg = Release|Any CPU
		{FB03EC84-8FE0-4AA0-962A-08DBA74F18B6}.Release|Any CPU.Build.0 = Release|Any CPU
		{F1DFAC98-7227-42FD-9EE0-309E5514EA2C}.Debug|Any CPU.ActiveCfg = Debug|Any CPU
		{F1DFAC98-7227-42FD-9EE0-309E5514EA2C}.Debug|Any CPU.Build.0 = Debug|Any CPU
		{F1DFAC98-7227-42FD-9EE0-309E5514EA2C}.Release|Any CPU.ActiveCfg = Release|Any CPU
		{F1DFAC98-7227-42FD-9EE0-309E5514EA2C}.Release|Any CPU.Build.0 = Release|Any CPU
		{E9B66E02-9C38-4489-B6A3-F20A8FCB1249}.Debug|Any CPU.ActiveCfg = Debug|Any CPU
		{E9B66E02-9C38-4489-B6A3-F20A8FCB1249}.Debug|Any CPU.Build.0 = Debug|Any CPU
		{E9B66E02-9C38-4489-B6A3-F20A8FCB1249}.Release|Any CPU.ActiveCfg = Release|Any CPU
		{E9B66E02-9C38-4489-B6A3-F20A8FCB1249}.Release|Any CPU.Build.0 = Release|Any CPU
		{A632FD00-E719-44ED-8A3F-51BDDD1A0243}.Debug|Any CPU.ActiveCfg = Debug|Any CPU
		{A632FD00-E719-44ED-8A3F-51BDDD1A0243}.Debug|Any CPU.Build.0 = Debug|Any CPU
		{A632FD00-E719-44ED-8A3F-51BDDD1A0243}.Release|Any CPU.ActiveCfg = Release|Any CPU
		{A632FD00-E719-44ED-8A3F-51BDDD1A0243}.Release|Any CPU.Build.0 = Release|Any CPU
		{60E24778-16FB-4CC7-81C1-8A76ABB7EC1C}.Debug|Any CPU.ActiveCfg = Debug|Any CPU
		{60E24778-16FB-4CC7-81C1-8A76ABB7EC1C}.Debug|Any CPU.Build.0 = Debug|Any CPU
		{60E24778-16FB-4CC7-81C1-8A76ABB7EC1C}.Release|Any CPU.ActiveCfg = Release|Any CPU
		{60E24778-16FB-4CC7-81C1-8A76ABB7EC1C}.Release|Any CPU.Build.0 = Release|Any CPU
		{B55D7B8B-E5F8-4A5B-9DF4-5026F5A593FB}.Debug|Any CPU.ActiveCfg = Debug|Any CPU
		{B55D7B8B-E5F8-4A5B-9DF4-5026F5A593FB}.Debug|Any CPU.Build.0 = Debug|Any CPU
		{B55D7B8B-E5F8-4A5B-9DF4-5026F5A593FB}.Release|Any CPU.ActiveCfg = Release|Any CPU
		{B55D7B8B-E5F8-4A5B-9DF4-5026F5A593FB}.Release|Any CPU.Build.0 = Release|Any CPU
		{11F97180-411B-412E-98E5-8A052F84DCD7}.Debug|Any CPU.ActiveCfg = Debug|Any CPU
		{11F97180-411B-412E-98E5-8A052F84DCD7}.Debug|Any CPU.Build.0 = Debug|Any CPU
		{11F97180-411B-412E-98E5-8A052F84DCD7}.Release|Any CPU.ActiveCfg = Release|Any CPU
		{11F97180-411B-412E-98E5-8A052F84DCD7}.Release|Any CPU.Build.0 = Release|Any CPU
		{66869062-AF5A-44BB-A8BD-DA08878A9570}.Debug|Any CPU.ActiveCfg = Debug|Any CPU
		{66869062-AF5A-44BB-A8BD-DA08878A9570}.Debug|Any CPU.Build.0 = Debug|Any CPU
		{66869062-AF5A-44BB-A8BD-DA08878A9570}.Release|Any CPU.ActiveCfg = Release|Any CPU
		{66869062-AF5A-44BB-A8BD-DA08878A9570}.Release|Any CPU.Build.0 = Release|Any CPU
		{756ACA4C-5721-4BCB-AE3C-B9256468DFAE}.Debug|Any CPU.ActiveCfg = Debug|Any CPU
		{756ACA4C-5721-4BCB-AE3C-B9256468DFAE}.Debug|Any CPU.Build.0 = Debug|Any CPU
		{756ACA4C-5721-4BCB-AE3C-B9256468DFAE}.Release|Any CPU.ActiveCfg = Release|Any CPU
		{756ACA4C-5721-4BCB-AE3C-B9256468DFAE}.Release|Any CPU.Build.0 = Release|Any CPU
		{F97F5126-9848-4BBB-BC8B-BAACCAA24373}.Debug|Any CPU.ActiveCfg = Debug|Any CPU
		{F97F5126-9848-4BBB-BC8B-BAACCAA24373}.Debug|Any CPU.Build.0 = Debug|Any CPU
		{F97F5126-9848-4BBB-BC8B-BAACCAA24373}.Release|Any CPU.ActiveCfg = Release|Any CPU
		{F97F5126-9848-4BBB-BC8B-BAACCAA24373}.Release|Any CPU.Build.0 = Release|Any CPU
		{4254D858-ED65-440C-9CC1-BAEC383468D1}.Debug|Any CPU.ActiveCfg = Debug|Any CPU
		{4254D858-ED65-440C-9CC1-BAEC383468D1}.Debug|Any CPU.Build.0 = Debug|Any CPU
		{4254D858-ED65-440C-9CC1-BAEC383468D1}.Release|Any CPU.ActiveCfg = Release|Any CPU
		{4254D858-ED65-440C-9CC1-BAEC383468D1}.Release|Any CPU.Build.0 = Release|Any CPU
		{D1B8E589-1793-4C8A-B990-09D60729EBDD}.Debug|Any CPU.ActiveCfg = Debug|Any CPU
		{D1B8E589-1793-4C8A-B990-09D60729EBDD}.Debug|Any CPU.Build.0 = Debug|Any CPU
		{D1B8E589-1793-4C8A-B990-09D60729EBDD}.Release|Any CPU.ActiveCfg = Release|Any CPU
		{D1B8E589-1793-4C8A-B990-09D60729EBDD}.Release|Any CPU.Build.0 = Release|Any CPU
	EndGlobalSection
	GlobalSection(SolutionProperties) = preSolution
		HideSolutionNode = FALSE
	EndGlobalSection
	GlobalSection(ExtensibilityGlobals) = postSolution
		SolutionGuid = {A4DD9886-5AB8-45F4-A0D7-1D1A58DB5F7F}
	EndGlobalSection
EndGlobal
